{
  "name": "3",
  "lockfileVersion": 2,
  "requires": true,
  "packages": {
    "": {
      "dependencies": {
        "gauss-quadrature": "^1.0.0"
      }
    },
    "node_modules/bit-twiddle": {
      "version": "0.0.2",
      "resolved": "https://registry.npmjs.org/bit-twiddle/-/bit-twiddle-0.0.2.tgz",
      "integrity": "sha1-wurruVKjuUrMFASX4c3NLxoz9Y4="
    },
    "node_modules/durand-kerner": {
      "version": "0.0.2",
      "resolved": "https://registry.npmjs.org/durand-kerner/-/durand-kerner-0.0.2.tgz",
      "integrity": "sha1-bC2v3MlPV9Hksb1dMyhvBI7e8cg=",
      "dependencies": {
        "bit-twiddle": "~0.0.2"
      }
    },
    "node_modules/gauss-quadrature": {
      "version": "1.0.0",
      "resolved": "https://registry.npmjs.org/gauss-quadrature/-/gauss-quadrature-1.0.0.tgz",
      "integrity": "sha1-Wol1+Pz6vlG1hmF2R/lRLg/7owo=",
      "dependencies": {
        "durand-kerner": "~0.0.2",
        "horner": "~0.0.0",
        "legendre-poly": "~0.0.0",
        "poly-derivative": "~0.0.0"
      }
    },
    "node_modules/horner": {
      "version": "0.0.0",
      "resolved": "https://registry.npmjs.org/horner/-/horner-0.0.0.tgz",
      "integrity": "sha1-wW9XuO6sOiZJ3+uCDoaE+nU9MH4=",
      "dependencies": {
        "bit-twiddle": "~0.0.1"
      }
    },
    "node_modules/legendre-poly": {
      "version": "0.0.0",
      "resolved": "https://registry.npmjs.org/legendre-poly/-/legendre-poly-0.0.0.tgz",
      "integrity": "sha1-KecHb3SdLGTMLa/mDtZiseevn5I="
    },
    "node_modules/poly-derivative": {
      "version": "0.0.0",
      "resolved": "https://registry.npmjs.org/poly-derivative/-/poly-derivative-0.0.0.tgz",
      "integrity": "sha1-F7BhfVJFQyoEdVRQTGEG3tniev4="
    }
  },
  "dependencies": {
    "bit-twiddle": {
      "version": "0.0.2",
      "resolved": "https://registry.npmjs.org/bit-twiddle/-/bit-twiddle-0.0.2.tgz",
      "integrity": "sha1-wurruVKjuUrMFASX4c3NLxoz9Y4="
    },
    "durand-kerner": {
      "version": "0.0.2",
      "resolved": "https://registry.npmjs.org/durand-kerner/-/durand-kerner-0.0.2.tgz",
      "integrity": "sha1-bC2v3MlPV9Hksb1dMyhvBI7e8cg=",
      "requires": {
        "bit-twiddle": "~0.0.2"
      }
    },
    "gauss-quadrature": {
      "version": "1.0.0",
      "resolved": "https://registry.npmjs.org/gauss-quadrature/-/gauss-quadrature-1.0.0.tgz",
      "integrity": "sha1-Wol1+Pz6vlG1hmF2R/lRLg/7owo=",
      "requires": {
        "durand-kerner": "~0.0.2",
        "horner": "~0.0.0",
        "legendre-poly": "~0.0.0",
        "poly-derivative": "~0.0.0"
      }
    },
    "horner": {
      "version": "0.0.0",
      "resolved": "https://registry.npmjs.org/horner/-/horner-0.0.0.tgz",
      "integrity": "sha1-wW9XuO6sOiZJ3+uCDoaE+nU9MH4=",
      "requires": {
        "bit-twiddle": "~0.0.1"
      }
    },
    "legendre-poly": {
      "version": "0.0.0",
      "resolved": "https://registry.npmjs.org/legendre-poly/-/legendre-poly-0.0.0.tgz",
      "integrity": "sha1-KecHb3SdLGTMLa/mDtZiseevn5I="
    },
    "poly-derivative": {
      "version": "0.0.0",
      "resolved": "https://registry.npmjs.org/poly-derivative/-/poly-derivative-0.0.0.tgz",
      "integrity": "sha1-F7BhfVJFQyoEdVRQTGEG3tniev4="
    }
  }
}
